// !$*UTF8*$!
{
	archiveVersion = 1;
	classes = {
	};
	objectVersion = 51;
	objects = {

/* Begin PBXBuildFile section */
		2C2DBF1259D3E5F7D3A6F3C4 /* Pods_hit_7th.framework in Frameworks */ = {isa = PBXBuildFile; fileRef = C6F166219FD94734D0D2808A /* Pods_hit_7th.framework */; };
		3B02544622A8C57300B06549 /* AppDelegate.swift in Sources */ = {isa = PBXBuildFile; fileRef = 3B02544522A8C57300B06549 /* AppDelegate.swift */; };
		3B02544822A8C57300B06549 /* ViewController.swift in Sources */ = {isa = PBXBuildFile; fileRef = 3B02544722A8C57300B06549 /* ViewController.swift */; };
		3B02544B22A8C57300B06549 /* Main.storyboard in Resources */ = {isa = PBXBuildFile; fileRef = 3B02544922A8C57300B06549 /* Main.storyboard */; };
		3B02544D22A8C57400B06549 /* Assets.xcassets in Resources */ = {isa = PBXBuildFile; fileRef = 3B02544C22A8C57400B06549 /* Assets.xcassets */; };
		3B02545022A8C57400B06549 /* LaunchScreen.storyboard in Resources */ = {isa = PBXBuildFile; fileRef = 3B02544E22A8C57400B06549 /* LaunchScreen.storyboard */; };
		3B02545822A8EF4000B06549 /* QuizViewController.swift in Sources */ = {isa = PBXBuildFile; fileRef = 3B02545722A8EF4000B06549 /* QuizViewController.swift */; };
		3BFB85DF22B8B28A00348368 /* GoogleService-Info.plist in Resources */ = {isa = PBXBuildFile; fileRef = 3BFB85DE22B8B28A00348368 /* GoogleService-Info.plist */; };
/* End PBXBuildFile section */

/* Begin PBXFileReference section */
		0E0918D63790503F5A73D5C8 /* Pods-hit_7th.release.xcconfig */ = {isa = PBXFileReference; includeInIndex = 1; lastKnownFileType = text.xcconfig; name = "Pods-hit_7th.release.xcconfig"; path = "Target Support Files/Pods-hit_7th/Pods-hit_7th.release.xcconfig"; sourceTree = "<group>"; };
		3B02544222A8C57300B06549 /* hit_7th.app */ = {isa = PBXFileReference; explicitFileType = wrapper.application; includeInIndex = 0; path = hit_7th.app; sourceTree = BUILT_PRODUCTS_DIR; };
		3B02544522A8C57300B06549 /* AppDelegate.swift */ = {isa = PBXFileReference; lastKnownFileType = sourcecode.swift; path = AppDelegate.swift; sourceTree = "<group>"; };
		3B02544722A8C57300B06549 /* ViewController.swift */ = {isa = PBXFileReference; lastKnownFileType = sourcecode.swift; path = ViewController.swift; sourceTree = "<group>"; };
		3B02544A22A8C57300B06549 /* Base */ = {isa = PBXFileReference; lastKnownFileType = file.storyboard; name = Base; path = Base.lproj/Main.storyboard; sourceTree = "<group>"; };
		3B02544C22A8C57400B06549 /* Assets.xcassets */ = {isa = PBXFileReference; lastKnownFileType = folder.assetcatalog; path = Assets.xcassets; sourceTree = "<group>"; };
		3B02544F22A8C57400B06549 /* Base */ = {isa = PBXFileReference; lastKnownFileType = file.storyboard; name = Base; path = Base.lproj/LaunchScreen.storyboard; sourceTree = "<group>"; };
		3B02545122A8C57400B06549 /* Info.plist */ = {isa = PBXFileReference; lastKnownFileType = text.plist.xml; path = Info.plist; sourceTree = "<group>"; };
		3B02545722A8EF4000B06549 /* QuizViewController.swift */ = {isa = PBXFileReference; lastKnownFileType = sourcecode.swift; path = QuizViewController.swift; sourceTree = "<group>"; };
		3BFB85DE22B8B28A00348368 /* GoogleService-Info.plist */ = {isa = PBXFileReference; fileEncoding = 4; lastKnownFileType = text.plist.xml; path = "GoogleService-Info.plist"; sourceTree = "<group>"; };
		C6F166219FD94734D0D2808A /* Pods_hit_7th.framework */ = {isa = PBXFileReference; explicitFileType = wrapper.framework; includeInIndex = 0; path = Pods_hit_7th.framework; sourceTree = BUILT_PRODUCTS_DIR; };
		EEEF0E91A878844A679CF4F6 /* Pods-hit_7th.debug.xcconfig */ = {isa = PBXFileReference; includeInIndex = 1; lastKnownFileType = text.xcconfig; name = "Pods-hit_7th.debug.xcconfig"; path = "Target Support Files/Pods-hit_7th/Pods-hit_7th.debug.xcconfig"; sourceTree = "<group>"; };
/* End PBXFileReference section */

/* Begin PBXFrameworksBuildPhase section */
		3B02543F22A8C57300B06549 /* Frameworks */ = {
			isa = PBXFrameworksBuildPhase;
			buildActionMask = 2147483647;
			files = (
				2C2DBF1259D3E5F7D3A6F3C4 /* Pods_hit_7th.framework in Frameworks */,
			);
			runOnlyForDeploymentPostprocessing = 0;
		};
/* End PBXFrameworksBuildPhase section */

/* Begin PBXGroup section */
		0EE86DD14CD38DC9E918D2A5 /* Frameworks */ = {
			isa = PBXGroup;
			children = (
				C6F166219FD94734D0D2808A /* Pods_hit_7th.framework */,
			);
			name = Frameworks;
			sourceTree = "<group>";
		};
		3B02543922A8C57300B06549 = {
			isa = PBXGroup;
			children = (
				3B02544422A8C57300B06549 /* hit_7th */,
				3B02544322A8C57300B06549 /* Products */,
				74523370D61C03509D6D5C3B /* Pods */,
				0EE86DD14CD38DC9E918D2A5 /* Frameworks */,
			);
			sourceTree = "<group>";
		};
		3B02544322A8C57300B06549 /* Products */ = {
			isa = PBXGroup;
			children = (
				3B02544222A8C57300B06549 /* hit_7th.app */,
			);
			name = Products;
			sourceTree = "<group>";
		};
		3B02544422A8C57300B06549 /* hit_7th */ = {
			isa = PBXGroup;
			children = (
				3BFB85DE22B8B28A00348368 /* GoogleService-Info.plist */,
				3B02544522A8C57300B06549 /* AppDelegate.swift */,
				3B02544722A8C57300B06549 /* ViewController.swift */,
				3B02545722A8EF4000B06549 /* QuizViewController.swift */,
				3B02544922A8C57300B06549 /* Main.storyboard */,
				3B02544C22A8C57400B06549 /* Assets.xcassets */,
				3B02544E22A8C57400B06549 /* LaunchScreen.storyboard */,
				3B02545122A8C57400B06549 /* Info.plist */,
			);
			path = hit_7th;
			sourceTree = "<group>";
		};
		74523370D61C03509D6D5C3B /* Pods */ = {
			isa = PBXGroup;
			children = (
				EEEF0E91A878844A679CF4F6 /* Pods-hit_7th.debug.xcconfig */,
				0E0918D63790503F5A73D5C8 /* Pods-hit_7th.release.xcconfig */,
			);
			path = Pods;
			sourceTree = "<group>";
		};
/* End PBXGroup section */

/* Begin PBXNativeTarget section */
		3B02544122A8C57300B06549 /* hit_7th */ = {
			isa = PBXNativeTarget;
			buildConfigurationList = 3B02545422A8C57400B06549 /* Build configuration list for PBXNativeTarget "hit_7th" */;
			buildPhases = (
				C5762AFAD9630E50B71D10F4 /* [CP] Check Pods Manifest.lock */,
				3B02543E22A8C57300B06549 /* Sources */,
				3B02543F22A8C57300B06549 /* Frameworks */,
				3B02544022A8C57300B06549 /* Resources */,
				1D3DF46268CE45E48E15E789 /* [CP] Embed Pods Frameworks */,
			);
			buildRules = (
			);
			dependencies = (
			);
			name = hit_7th;
			productName = hit_7th;
			productReference = 3B02544222A8C57300B06549 /* hit_7th.app */;
			productType = "com.apple.product-type.application";
		};
/* End PBXNativeTarget section */

/* Begin PBXProject section */
		3B02543A22A8C57300B06549 /* Project object */ = {
			isa = PBXProject;
			attributes = {
				LastSwiftUpdateCheck = 1020;
				LastUpgradeCheck = 1020;
				ORGANIZATIONNAME = "Ryu Ishibashi";
				TargetAttributes = {
					3B02544122A8C57300B06549 = {
						CreatedOnToolsVersion = 10.2.1;
					};
				};
			};
			buildConfigurationList = 3B02543D22A8C57300B06549 /* Build configuration list for PBXProject "hit_7th" */;
			compatibilityVersion = "Xcode 9.3";
			developmentRegion = en;
			hasScannedForEncodings = 0;
			knownRegions = (
				en,
				Base,
			);
			mainGroup = 3B02543922A8C57300B06549;
			productRefGroup = 3B02544322A8C57300B06549 /* Products */;
			projectDirPath = "";
			projectRoot = "";
			targets = (
				3B02544122A8C57300B06549 /* hit_7th */,
			);
		};
/* End PBXProject section */

/* Begin PBXResourcesBuildPhase section */
		3B02544022A8C57300B06549 /* Resources */ = {
			isa = PBXResourcesBuildPhase;
			buildActionMask = 2147483647;
			files = (
				3B02545022A8C57400B06549 /* LaunchScreen.storyboard in Resources */,
				3BFB85DF22B8B28A00348368 /* GoogleService-Info.plist in Resources */,
				3B02544D22A8C57400B06549 /* Assets.xcassets in Resources */,
				3B02544B22A8C57300B06549 /* Main.storyboard in Resources */,
			);
			runOnlyForDeploymentPostprocessing = 0;
		};
/* End PBXResourcesBuildPhase section */

/* Begin PBXShellScriptBuildPhase section */
		1D3DF46268CE45E48E15E789 /* [CP] Embed Pods Frameworks */ = {
			isa = PBXShellScriptBuildPhase;
			buildActionMask = 2147483647;
			files = (
			);
			inputFileListPaths = (
				"${PODS_ROOT}/Target Support Files/Pods-hit_7th/Pods-hit_7th-frameworks-${CONFIGURATION}-input-files.xcfilelist",
			);
			name = "[CP] Embed Pods Frameworks";
			outputFileListPaths = (
				"${PODS_ROOT}/Target Support Files/Pods-hit_7th/Pods-hit_7th-frameworks-${CONFIGURATION}-output-files.xcfilelist",
			);
			runOnlyForDeploymentPostprocessing = 0;
			shellPath = /bin/sh;
			shellScript = "\"${PODS_ROOT}/Target Support Files/Pods-hit_7th/Pods-hit_7th-frameworks.sh\"\n";
			showEnvVarsInLog = 0;
		};
		C5762AFAD9630E50B71D10F4 /* [CP] Check Pods Manifest.lock */ = {
			isa = PBXShellScriptBuildPhase;
			buildActionMask = 2147483647;
			files = (
			);
			inputFileListPaths = (
			);
			inputPaths = (
				"${PODS_PODFILE_DIR_PATH}/Podfile.lock",
				"${PODS_ROOT}/Manifest.lock",
			);
			name = "[CP] Check Pods Manifest.lock";
			outputFileListPaths = (
			);
			outputPaths = (
				"$(DERIVED_FILE_DIR)/Pods-hit_7th-checkManifestLockResult.txt",
			);
			runOnlyForDeploymentPostprocessing = 0;
			shellPath = /bin/sh;
			shellScript = "diff \"${PODS_PODFILE_DIR_PATH}/Podfile.lock\" \"${PODS_ROOT}/Manifest.lock\" > /dev/null\nif [ $? != 0 ] ; then\n    # print error to STDERR\n    echo \"error: The sandbox is not in sync with the Podfile.lock. Run 'pod install' or update your CocoaPods installation.\" >&2\n    exit 1\nfi\n# This output is used by Xcode 'outputs' to avoid re-running this script phase.\necho \"SUCCESS\" > \"${SCRIPT_OUTPUT_FILE_0}\"\n";
			showEnvVarsInLog = 0;
		};
/* End PBXShellScriptBuildPhase section */

/* Begin PBXSourcesBuildPhase section */
		3B02543E22A8C57300B06549 /* Sources */ = {
			isa = PBXSourcesBuildPhase;
			buildActionMask = 2147483647;
			files = (
				3B02545822A8EF4000B06549 /* QuizViewController.swift in Sources */,
				3B02544822A8C57300B06549 /* ViewController.swift in Sources */,
				3B02544622A8C57300B06549 /* AppDelegate.swift in Sources */,
			);
			runOnlyForDeploymentPostprocessing = 0;
		};
/* End PBXSourcesBuildPhase section */

/* Begin PBXVariantGroup section */
		3B02544922A8C57300B06549 /* Main.storyboard */ = {
			isa = PBXVariantGroup;
			children = (
				3B02544A22A8C57300B06549 /* Base */,
			);
			name = Main.storyboard;
			sourceTree = "<group>";
		};
		3B02544E22A8C57400B06549 /* LaunchScreen.storyboard */ = {
			isa = PBXVariantGroup;
			children = (
				3B02544F22A8C57400B06549 /* Base */,
			);
			name = LaunchScreen.storyboard;
			sourceTree = "<group>";
		};
/* End PBXVariantGroup section */

/* Begin XCBuildConfiguration section */
		3B02545222A8C57400B06549 /* Debug */ = {
			isa = XCBuildConfiguration;
			buildSettings = {
				ALWAYS_SEARCH_USER_PATHS = NO;
				CLANG_ANALYZER_NONNULL = YES;
				CLANG_ANALYZER_NUMBER_OBJECT_CONVERSION = YES_AGGRESSIVE;
				CLANG_CXX_LANGUAGE_STANDARD = "gnu++14";
				CLANG_CXX_LIBRARY = "libc++";
				CLANG_ENABLE_MODULES = YES;
				CLANG_ENABLE_OBJC_ARC = YES;
				CLANG_ENABLE_OBJC_WEAK = YES;
				CLANG_WARN_BLOCK_CAPTURE_AUTORELEASING = YES;
				CLANG_WARN_BOOL_CONVERSION = YES;
				CLANG_WARN_COMMA = YES;
				CLANG_WARN_CONSTANT_CONVERSION = YES;
				CLANG_WARN_DEPRECATED_OBJC_IMPLEMENTATIONS = YES;
				CLANG_WARN_DIRECT_OBJC_ISA_USAGE = YES_ERROR;
				CLANG_WARN_DOCUMENTATION_COMMENTS = YES;
				CLANG_WARN_EMPTY_BODY = YES;
				CLANG_WARN_ENUM_CONVERSION = YES;
				CLANG_WARN_INFINITE_RECURSION = YES;
				CLANG_WARN_INT_CONVERSION = YES;
				CLANG_WARN_NON_LITERAL_NULL_CONVERSION = YES;
				CLANG_WARN_OBJC_IMPLICIT_RETAIN_SELF = YES;
				CLANG_WARN_OBJC_LITERAL_CONVERSION = YES;
				CLANG_WARN_OBJC_ROOT_CLASS = YES_ERROR;
				CLANG_WARN_RANGE_LOOP_ANALYSIS = YES;
				CLANG_WARN_STRICT_PROTOTYPES = YES;
				CLANG_WARN_SUSPICIOUS_MOVE = YES;
				CLANG_WARN_UNGUARDED_AVAILABILITY = YES_AGGRESSIVE;
				CLANG_WARN_UNREACHABLE_CODE = YES;
				CLANG_WARN__DUPLICATE_METHOD_MATCH = YES;
				CODE_SIGN_IDENTITY = "iPhone Developer";
				COPY_PHASE_STRIP = NO;
				DEBUG_INFORMATION_FORMAT = dwarf;
				ENABLE_STRICT_OBJC_MSGSEND = YES;
				ENABLE_TESTABILITY = YES;
				GCC_C_LANGUAGE_STANDARD = gnu11;
				GCC_DYNAMIC_NO_PIC = NO;
				GCC_NO_COMMON_BLOCKS = YES;
				GCC_OPTIMIZATION_LEVEL = 0;
				GCC_PREPROCESSOR_DEFINITIONS = (
					"DEBUG=1",
					"$(inherited)",
				);
				GCC_WARN_64_TO_32_BIT_CONVERSION = YES;
				GCC_WARN_ABOUT_RETURN_TYPE = YES_ERROR;
				GCC_WARN_UNDECLARED_SELECTOR = YES;
				GCC_WARN_UNINITIALIZED_AUTOS = YES_AGGRESSIVE;
				GCC_WARN_UNUSED_FUNCTION = YES;
				GCC_WARN_UNUSED_VARIABLE = YES;
				IPHONEOS_DEPLOYMENT_TARGET = 12.2;
				MTL_ENABLE_DEBUG_INFO = INCLUDE_SOURCE;
				MTL_FAST_MATH = YES;
				ONLY_ACTIVE_ARCH = YES;
				SDKROOT = iphoneos;
				SWIFT_ACTIVE_COMPILATION_CONDITIONS = DEBUG;
				SWIFT_OPTIMIZATION_LEVEL = "-Onone";
			};
			name = Debug;
		};
		3B02545322A8C57400B06549 /* Release */ = {
			isa = XCBuildConfiguration;
			buildSettings = {
				ALWAYS_SEARCH_USER_PATHS = NO;
				CLANG_ANALYZER_NONNULL = YES;
				CLANG_ANALYZER_NUMBER_OBJECT_CONVERSION = YES_AGGRESSIVE;
				CLANG_CXX_LANGUAGE_STANDARD = "gnu++14";
				CLANG_CXX_LIBRARY = "libc++";
				CLANG_ENABLE_MODULES = YES;
				CLANG_ENABLE_OBJC_ARC = YES;
				CLANG_ENABLE_OBJC_WEAK = YES;
				CLANG_WARN_BLOCK_CAPTURE_AUTORELEASING = YES;
				CLANG_WARN_BOOL_CONVERSION = YES;
				CLANG_WARN_COMMA = YES;
				CLANG_WARN_CONSTANT_CONVERSION = YES;
				CLANG_WARN_DEPRECATED_OBJC_IMPLEMENTATIONS = YES;
				CLANG_WARN_DIRECT_OBJC_ISA_USAGE = YES_ERROR;
				CLANG_WARN_DOCUMENTATION_COMMENTS = YES;
				CLANG_WARN_EMPTY_BODY = YES;
				CLANG_WARN_ENUM_CONVERSION = YES;
				CLANG_WARN_INFINITE_RECURSION = YES;
				CLANG_WARN_INT_CONVERSION = YES;
				CLANG_WARN_NON_LITERAL_NULL_CONVERSION = YES;
				CLANG_WARN_OBJC_IMPLICIT_RETAIN_SELF = YES;
				CLANG_WARN_OBJC_LITERAL_CONVERSION = YES;
				CLANG_WARN_OBJC_ROOT_CLASS = YES_ERROR;
				CLANG_WARN_RANGE_LOOP_ANALYSIS = YES;
				CLANG_WARN_STRICT_PROTOTYPES = YES;
				CLANG_WARN_SUSPICIOUS_MOVE = YES;
				CLANG_WARN_UNGUARDED_AVAILABILITY = YES_AGGRESSIVE;
				CLANG_WARN_UNREACHABLE_CODE = YES;
				CLANG_WARN__DUPLICATE_METHOD_MATCH = YES;
				CODE_SIGN_IDENTITY = "iPhone Developer";
				COPY_PHASE_STRIP = NO;
				DEBUG_INFORMATION_FORMAT = "dwarf-with-dsym";
				ENABLE_NS_ASSERTIONS = NO;
				ENABLE_STRICT_OBJC_MSGSEND = YES;
				GCC_C_LANGUAGE_STANDARD = gnu11;
				GCC_NO_COMMON_BLOCKS = YES;
				GCC_WARN_64_TO_32_BIT_CONVERSION = YES;
				GCC_WARN_ABOUT_RETURN_TYPE = YES_ERROR;
				GCC_WARN_UNDECLARED_SELECTOR = YES;
				GCC_WARN_UNINITIALIZED_AUTOS = YES_AGGRESSIVE;
				GCC_WARN_UNUSED_FUNCTION = YES;
				GCC_WARN_UNUSED_VARIABLE = YES;
				IPHONEOS_DEPLOYMENT_TARGET = 12.2;
				MTL_ENABLE_DEBUG_INFO = NO;
				MTL_FAST_MATH = YES;
				SDKROOT = iphoneos;
				SWIFT_COMPILATION_MODE = wholemodule;
				SWIFT_OPTIMIZATION_LEVEL = "-O";
				VALIDATE_PRODUCT = YES;
			};
			name = Release;
		};
		3B02545522A8C57400B06549 /* Debug */ = {
			isa = XCBuildConfiguration;
			baseConfigurationReference = EEEF0E91A878844A679CF4F6 /* Pods-hit_7th.debug.xcconfig */;
			buildSettings = {
				ASSETCATALOG_COMPILER_APPICON_NAME = AppIcon;
				CODE_SIGN_STYLE = Automatic;
				DEVELOPMENT_TEAM = 47E4SMXRVF;
				INFOPLIST_FILE = hit_7th/Info.plist;
				IPHONEOS_DEPLOYMENT_TARGET = 12.0;
				LD_RUNPATH_SEARCH_PATHS = (
					"$(inherited)",
					"@executable_path/Frameworks",
				);
				PRODUCT_BUNDLE_IDENTIFIER = rain.hit7.ranking;
				PRODUCT_NAME = "$(TARGET_NAME)";
				SWIFT_VERSION = 5.0;
				TARGETED_DEVICE_FAMILY = 1;
			};
			name = Debug;
		};
		3B02545622A8C57400B06549 /* Release */ = {
			isa = XCBuildConfiguration;
			baseConfigurationReference = 0E0918D63790503F5A73D5C8 /* Pods-hit_7th.release.xcconfig */;
			buildSettings = {
				ASSETCATALOG_COMPILER_APPICON_NAME = AppIcon;
				CODE_SIGN_STYLE = Automatic;
				DEVELOPMENT_TEAM = 47E4SMXRVF;
				INFOPLIST_FILE = hit_7th/Info.plist;
				IPHONEOS_DEPLOYMENT_TARGET = 12.0;
				LD_RUNPATH_SEARCH_PATHS = (
					"$(inherited)",
					"@executable_path/Frameworks",
				);
				PRODUCT_BUNDLE_IDENTIFIER = rain.hit7.ranking;
				PRODUCT_NAME = "$(TARGET_NAME)";
				SWIFT_VERSION = 5.0;
				TARGETED_DEVICE_FAMILY = 1;
			};
			name = Release;
		};
/* End XCBuildConfiguration section */

/* Begin XCConfigurationList section */
		3B02543D22A8C57300B06549 /* Build configuration list for PBXProject "hit_7th" */ = {
			isa = XCConfigurationList;
			buildConfigurations = (
				3B02545222A8C57400B06549 /* Debug */,
				3B02545322A8C57400B06549 /* Release */,
			);
			defaultConfigurationIsVisible = 0;
			defaultConfigurationName = Release;
		};
		3B02545422A8C57400B06549 /* Build configuration list for PBXNativeTarget "hit_7th" */ = {
			isa = XCConfigurationList;
			buildConfigurations = (
				3B02545522A8C57400B06549 /* Debug */,
				3B02545622A8C57400B06549 /* Release */,
			);
			defaultConfigurationIsVisible = 0;
			defaultConfigurationName = Release;
		};
/* End XCConfigurationList section */
	};
	rootObject = 3B02543A22A8C57300B06549 /* Project object */;
}
